{
  "nodes": {
    "fenix": {
      "inputs": {
        "nixpkgs": [
          "leftwm",
          "nixpkgs"
        ],
        "rust-analyzer-src": "rust-analyzer-src"
      },
      "locked": {
        "lastModified": 1640644357,
        "narHash": "sha256-P3DOh+9f0kqfZVqRCrVAHyyx/vYgLN8GaoHdbRv/BcM=",
        "owner": "nix-community",
        "repo": "fenix",
        "rev": "ac55b49c49b53a60e8eb5761687fa741c7c80265",
        "type": "github"
      },
      "original": {
        "owner": "nix-community",
        "repo": "fenix",
        "type": "github"
      }
    },
    "flake-compat": {
      "flake": false,
      "locked": {
        "lastModified": 1648199409,
        "narHash": "sha256-JwPKdC2PoVBkG6E+eWw3j6BMR6sL3COpYWfif7RVb8Y=",
        "owner": "edolstra",
        "repo": "flake-compat",
        "rev": "64a525ee38886ab9028e6f61790de0832aa3ef03",
        "type": "github"
      },
      "original": {
        "owner": "edolstra",
        "repo": "flake-compat",
        "type": "github"
      }
    },
    "flake-utils": {
      "locked": {
        "lastModified": 1638122382,
        "narHash": "sha256-sQzZzAbvKEqN9s0bzWuYmRaA03v40gaJ4+iL1LXjaeI=",
        "owner": "numtide",
        "repo": "flake-utils",
        "rev": "74f7e4319258e287b0f9cb95426c9853b282730b",
        "type": "github"
      },
      "original": {
        "owner": "numtide",
        "repo": "flake-utils",
        "type": "github"
      }
    },
    "flake-utils_2": {
      "locked": {
        "lastModified": 1644229661,
        "narHash": "sha256-1YdnJAsNy69bpcjuoKdOYQX0YxZBiCYZo4Twxerqv7k=",
        "owner": "numtide",
        "repo": "flake-utils",
        "rev": "3cecb5b042f7f209c56ffd8371b2711a290ec797",
        "type": "github"
      },
      "original": {
        "owner": "numtide",
        "repo": "flake-utils",
        "type": "github"
      }
    },
    "home-manager": {
      "inputs": {
        "nixpkgs": [
          "nixpkgs"
        ]
      },
      "locked": {
        "lastModified": 1650148597,
        "narHash": "sha256-/1V3grYy4GaqRgPjbBwWUY8mvZK/lfIPkkVtU/870ss=",
        "owner": "nix-community",
        "repo": "home-manager",
        "rev": "8ab155c61f5821ffda723de88b0009769771d4f2",
        "type": "github"
      },
      "original": {
        "owner": "nix-community",
        "ref": "master",
        "repo": "home-manager",
        "type": "github"
      }
    },
    "leftwm": {
      "inputs": {
        "fenix": "fenix",
        "flake-utils": "flake-utils",
        "naersk": "naersk",
        "nixpkgs": "nixpkgs"
      },
      "locked": {
        "lastModified": 1648276487,
        "narHash": "sha256-AfE36u5xSfivkg+hmJ6ASh6zXmTnLOv5RFigkGzySng=",
        "owner": "leftwm",
        "repo": "leftwm",
        "rev": "eaf531d1943a6a90edc1876c7bca0627247a65f1",
        "type": "github"
      },
      "original": {
        "owner": "leftwm",
        "repo": "leftwm",
        "type": "github"
      }
    },
    "naersk": {
      "inputs": {
        "nixpkgs": [
          "leftwm",
          "nixpkgs"
        ]
      },
      "locked": {
        "lastModified": 1639947939,
        "narHash": "sha256-pGsM8haJadVP80GFq4xhnSpNitYNQpaXk4cnA796Cso=",
        "owner": "nix-community",
        "repo": "naersk",
        "rev": "2fc8ce9d3c025d59fee349c1f80be9785049d653",
        "type": "github"
      },
      "original": {
        "owner": "nix-community",
        "repo": "naersk",
        "type": "github"
      }
    },
    "neovim-flake": {
      "inputs": {
        "flake-utils": "flake-utils_2",
        "nixpkgs": [
          "neovim-nightly-overlay",
          "nixpkgs"
        ]
      },
      "locked": {
        "dir": "contrib",
        "lastModified": 1650074328,
        "narHash": "sha256-CzcPEg3uUuyiVNAAw7u30pQBAYuR6a7YVo+7GhQ5BpI=",
        "owner": "neovim",
        "repo": "neovim",
        "rev": "3f2e9298bdd971a4d2baa298aff7c6f2c2c1ad1a",
        "type": "github"
      },
      "original": {
        "dir": "contrib",
        "owner": "neovim",
        "repo": "neovim",
        "type": "github"
      }
    },
    "neovim-nightly-overlay": {
      "inputs": {
        "flake-compat": "flake-compat",
        "neovim-flake": "neovim-flake",
        "nixpkgs": "nixpkgs_2"
      },
      "locked": {
        "lastModified": 1650096904,
        "narHash": "sha256-mSnDYhZCnw13vApIApeZMIYvuYnrd+Bal4aWbD3xzOc=",
        "owner": "nix-community",
        "repo": "neovim-nightly-overlay",
        "rev": "ae9ee8abdce8256822879916d386550bb55f5b6c",
        "type": "github"
      },
      "original": {
        "owner": "nix-community",
        "repo": "neovim-nightly-overlay",
        "type": "github"
      }
    },
    "nixpkgs": {
      "locked": {
        "lastModified": 1640540585,
        "narHash": "sha256-cCmknKFjWgam9jq+58wSd0Z4REia8mjBP65kXcL3ki8=",
        "owner": "NixOS",
        "repo": "nixpkgs",
        "rev": "ac169ec6371f0d835542db654a65e0f2feb07838",
        "type": "github"
      },
      "original": {
        "id": "nixpkgs",
        "ref": "nixos-unstable",
        "type": "indirect"
      }
    },
    "nixpkgs_2": {
      "locked": {
        "lastModified": 1649986882,
        "narHash": "sha256-cNsInUFq1MbuvaEmv8x6jetWnmAU+osMpnwKumtjksI=",
        "owner": "nixos",
        "repo": "nixpkgs",
        "rev": "5181d5945eda382ff6a9ca3e072ed6ea9b547fee",
        "type": "github"
      },
      "original": {
        "owner": "nixos",
        "ref": "nixos-unstable",
        "repo": "nixpkgs",
        "type": "github"
      }
    },
    "nixpkgs_3": {
      "locked": {
        "lastModified": 1650076401,
        "narHash": "sha256-QGxadqKWICchuuLIF2QwmHPVaUk+qO33ml5p1wW4IyA=",
        "owner": "NixOS",
        "repo": "nixpkgs",
        "rev": "75ad56bdc927f3a9f9e05e3c3614c4c1fcd99fcb",
        "type": "github"
      },
      "original": {
        "id": "nixpkgs",
        "ref": "nixos-unstable",
        "type": "indirect"
      }
    },
    "nur": {
      "locked": {
        "lastModified": 1650146939,
        "narHash": "sha256-sIkn27v7O2HbH656f2CTCgFJ5b5CYlP4Z/cl1KgYqNQ=",
        "owner": "nix-community",
        "repo": "NUR",
        "rev": "0d4eb0082b88447dc0b7a294c286344e7ec2c3c1",
        "type": "github"
      },
      "original": {
        "owner": "nix-community",
        "repo": "NUR",
        "type": "github"
      }
    },
    "root": {
      "inputs": {
        "home-manager": "home-manager",
        "leftwm": "leftwm",
        "neovim-nightly-overlay": "neovim-nightly-overlay",
        "nixpkgs": "nixpkgs_3",
        "nur": "nur"
      }
    },
    "rust-analyzer-src": {
      "flake": false,
      "locked": {
        "lastModified": 1640459636,
        "narHash": "sha256-lvHBAWuCd+7cYq6AwThqD6uMRqsKoGJFPKUqeyn3UEU=",
        "owner": "rust-analyzer",
        "repo": "rust-analyzer",
        "rev": "c456b217d808058d2515dd909bc4f68206de340e",
        "type": "github"
      },
      "original": {
        "owner": "rust-analyzer",
        "ref": "nightly",
        "repo": "rust-analyzer",
        "type": "github"
      }
    }
  },
  "root": "root",
  "version": 7
}
