{
  "nodes": {
    "fenix": {
      "inputs": {
        "nixpkgs": [
          "leftwm",
          "nixpkgs"
        ],
        "rust-analyzer-src": "rust-analyzer-src"
      },
      "locked": {
        "lastModified": 1640644357,
        "narHash": "sha256-P3DOh+9f0kqfZVqRCrVAHyyx/vYgLN8GaoHdbRv/BcM=",
        "owner": "nix-community",
        "repo": "fenix",
        "rev": "ac55b49c49b53a60e8eb5761687fa741c7c80265",
        "type": "github"
      },
      "original": {
        "owner": "nix-community",
        "repo": "fenix",
        "type": "github"
      }
    },
    "flake-compat": {
      "flake": false,
      "locked": {
        "lastModified": 1650374568,
        "narHash": "sha256-Z+s0J8/r907g149rllvwhb4pKi8Wam5ij0st8PwAh+E=",
        "owner": "edolstra",
        "repo": "flake-compat",
        "rev": "b4a34015c698c7793d592d66adbab377907a2be8",
        "type": "github"
      },
      "original": {
        "owner": "edolstra",
        "repo": "flake-compat",
        "type": "github"
      }
    },
    "flake-utils": {
      "locked": {
        "lastModified": 1638122382,
        "narHash": "sha256-sQzZzAbvKEqN9s0bzWuYmRaA03v40gaJ4+iL1LXjaeI=",
        "owner": "numtide",
        "repo": "flake-utils",
        "rev": "74f7e4319258e287b0f9cb95426c9853b282730b",
        "type": "github"
      },
      "original": {
        "owner": "numtide",
        "repo": "flake-utils",
        "type": "github"
      }
    },
    "flake-utils_2": {
      "locked": {
        "lastModified": 1644229661,
        "narHash": "sha256-1YdnJAsNy69bpcjuoKdOYQX0YxZBiCYZo4Twxerqv7k=",
        "owner": "numtide",
        "repo": "flake-utils",
        "rev": "3cecb5b042f7f209c56ffd8371b2711a290ec797",
        "type": "github"
      },
      "original": {
        "owner": "numtide",
        "repo": "flake-utils",
        "type": "github"
      }
    },
    "home-manager": {
      "inputs": {
        "nixpkgs": [
          "nixpkgs"
        ]
      },
      "locked": {
        "lastModified": 1652452043,
        "narHash": "sha256-nh3mdVB/Kk5ag1uRMAlKo8r+ssN3HNxwbLsqRG4xZkw=",
        "owner": "nix-community",
        "repo": "home-manager",
        "rev": "273598f53e04f0111dca5724b37640e3907edaaf",
        "type": "github"
      },
      "original": {
        "owner": "nix-community",
        "ref": "master",
        "repo": "home-manager",
        "type": "github"
      }
    },
    "leftwm": {
      "inputs": {
        "fenix": "fenix",
        "flake-utils": "flake-utils",
        "naersk": "naersk",
        "nixpkgs": "nixpkgs"
      },
      "locked": {
        "lastModified": 1651166254,
        "narHash": "sha256-kqbjhuWmjI8cV1AvwkRUFDRHDAml6hRUj72PkET9M5Y=",
        "owner": "leftwm",
        "repo": "leftwm",
        "rev": "c0fcf84e6e65577a6403f2f56cf858eaa1803f90",
        "type": "github"
      },
      "original": {
        "owner": "leftwm",
        "repo": "leftwm",
        "type": "github"
      }
    },
    "naersk": {
      "inputs": {
        "nixpkgs": [
          "leftwm",
          "nixpkgs"
        ]
      },
      "locked": {
        "lastModified": 1639947939,
        "narHash": "sha256-pGsM8haJadVP80GFq4xhnSpNitYNQpaXk4cnA796Cso=",
        "owner": "nix-community",
        "repo": "naersk",
        "rev": "2fc8ce9d3c025d59fee349c1f80be9785049d653",
        "type": "github"
      },
      "original": {
        "owner": "nix-community",
        "repo": "naersk",
        "type": "github"
      }
    },
    "neovim-flake": {
      "inputs": {
        "flake-utils": "flake-utils_2",
        "nixpkgs": [
          "neovim-nightly-overlay",
          "nixpkgs"
        ]
      },
      "locked": {
        "dir": "contrib",
        "lastModified": 1652468302,
        "narHash": "sha256-avZzse3vhu90sV2PnoCX/nHft7X0NN2jYiXN/06an/E=",
        "owner": "neovim",
        "repo": "neovim",
        "rev": "9e4286294f9caa5a20851706331cc46a5342f326",
        "type": "github"
      },
      "original": {
        "dir": "contrib",
        "owner": "neovim",
        "repo": "neovim",
        "type": "github"
      }
    },
    "neovim-nightly-overlay": {
      "inputs": {
        "flake-compat": "flake-compat",
        "neovim-flake": "neovim-flake",
        "nixpkgs": "nixpkgs_2"
      },
      "locked": {
        "lastModified": 1652516168,
        "narHash": "sha256-/rGFZkBofBeFSwbyXHlJuhUDHjqgcTavv9l1ObO2SHE=",
        "owner": "nix-community",
        "repo": "neovim-nightly-overlay",
        "rev": "114c95b73123731946ef0d14c217ee5ae37f765b",
        "type": "github"
      },
      "original": {
        "owner": "nix-community",
        "repo": "neovim-nightly-overlay",
        "type": "github"
      }
    },
    "nixpkgs": {
      "locked": {
        "lastModified": 1640540585,
        "narHash": "sha256-cCmknKFjWgam9jq+58wSd0Z4REia8mjBP65kXcL3ki8=",
        "owner": "NixOS",
        "repo": "nixpkgs",
        "rev": "ac169ec6371f0d835542db654a65e0f2feb07838",
        "type": "github"
      },
      "original": {
        "id": "nixpkgs",
        "ref": "nixos-unstable",
        "type": "indirect"
      }
    },
    "nixpkgs_2": {
      "locked": {
        "lastModified": 1652378906,
        "narHash": "sha256-DeV2myAMArPvyqxp0M6z30kuXb2L9SO2QXjxbbsZQyY=",
        "owner": "nixos",
        "repo": "nixpkgs",
        "rev": "d89d7af1ba23bd8a5341d00bdd862e8e9a808f56",
        "type": "github"
      },
      "original": {
        "owner": "nixos",
        "ref": "nixos-unstable",
        "repo": "nixpkgs",
        "type": "github"
      }
    },
    "nixpkgs_3": {
      "locked": {
        "lastModified": 1652378906,
        "narHash": "sha256-DeV2myAMArPvyqxp0M6z30kuXb2L9SO2QXjxbbsZQyY=",
        "owner": "NixOS",
        "repo": "nixpkgs",
        "rev": "d89d7af1ba23bd8a5341d00bdd862e8e9a808f56",
        "type": "github"
      },
      "original": {
        "id": "nixpkgs",
        "ref": "nixos-unstable",
        "type": "indirect"
      }
    },
    "nur": {
      "locked": {
        "lastModified": 1652552747,
        "narHash": "sha256-Errcz1MHHXg0lpgEb9CIAU4eSBLNeeRHTOAZ2FP537Y=",
        "owner": "nix-community",
        "repo": "NUR",
        "rev": "d31becc23a8e9f4711bcb57523f45208042b8baa",
        "type": "github"
      },
      "original": {
        "owner": "nix-community",
        "repo": "NUR",
        "type": "github"
      }
    },
    "root": {
      "inputs": {
        "home-manager": "home-manager",
        "leftwm": "leftwm",
        "neovim-nightly-overlay": "neovim-nightly-overlay",
        "nixpkgs": "nixpkgs_3",
        "nur": "nur"
      }
    },
    "rust-analyzer-src": {
      "flake": false,
      "locked": {
        "lastModified": 1640459636,
        "narHash": "sha256-lvHBAWuCd+7cYq6AwThqD6uMRqsKoGJFPKUqeyn3UEU=",
        "owner": "rust-analyzer",
        "repo": "rust-analyzer",
        "rev": "c456b217d808058d2515dd909bc4f68206de340e",
        "type": "github"
      },
      "original": {
        "owner": "rust-analyzer",
        "ref": "nightly",
        "repo": "rust-analyzer",
        "type": "github"
      }
    }
  },
  "root": "root",
  "version": 7
}
